// !$*UTF8*$!
{
	archiveVersion = 1;
	classes = {
	};
	objectVersion = 46;
	objects = {

/* Begin PBXBuildFile section */
		DC1910B81B2457DB000B6D79 /* libbase_media.so in Frameworks */ = {isa = PBXBuildFile; fileRef = DC1910B71B2457DB000B6D79 /* libbase_media.so */; };
		DC245B261B23D9CB0036513C /* custom_media.cpp in Sources */ = {isa = PBXBuildFile; fileRef = DC245B1A1B23D9CB0036513C /* custom_media.cpp */; };
		DC245B271B23D9CB0036513C /* custom_media.h in Headers */ = {isa = PBXBuildFile; fileRef = DC245B1B1B23D9CB0036513C /* custom_media.h */; };
		DC245B2B1B23D9CB0036513C /* icustom_media.h in Headers */ = {isa = PBXBuildFile; fileRef = DC245B1F1B23D9CB0036513C /* icustom_media.h */; };
/* End PBXBuildFile section */

/* Begin PBXFileReference section */
		DC1910B71B2457DB000B6D79 /* libbase_media.so */ = {isa = PBXFileReference; lastKnownFileType = "compiled.mach-o.dylib"; name = libbase_media.so; path = ../DerivedData/Untitled/Build/Products/Debug/libbase_media.so; sourceTree = "<group>"; };
		DC245B1A1B23D9CB0036513C /* custom_media.cpp */ = {isa = PBXFileReference; fileEncoding = 4; lastKnownFileType = sourcecode.cpp.cpp; path = custom_media.cpp; sourceTree = SOURCE_ROOT; };
		DC245B1B1B23D9CB0036513C /* custom_media.h */ = {isa = PBXFileReference; fileEncoding = 4; lastKnownFileType = sourcecode.c.h; path = custom_media.h; sourceTree = SOURCE_ROOT; };
		DC245B1F1B23D9CB0036513C /* icustom_media.h */ = {isa = PBXFileReference; fileEncoding = 4; lastKnownFileType = sourcecode.c.h; path = icustom_media.h; sourceTree = SOURCE_ROOT; };
		DCD5BFD31B2002D100C33C86 /* libcustom_media.so */ = {isa = PBXFileReference; explicitFileType = "compiled.mach-o.dylib"; includeInIndex = 0; path = libcustom_media.so; sourceTree = BUILT_PRODUCTS_DIR; };
/* End PBXFileReference section */

/* Begin PBXFrameworksBuildPhase section */
		DCD5BFD01B2002D100C33C86 /* Frameworks */ = {
			isa = PBXFrameworksBuildPhase;
			buildActionMask = 2147483647;
			files = (
				DC1910B81B2457DB000B6D79 /* libbase_media.so in Frameworks */,
			);
			runOnlyForDeploymentPostprocessing = 0;
		};
/* End PBXFrameworksBuildPhase section */

/* Begin PBXGroup section */
		DCD5BFCA1B2002D100C33C86 = {
			isa = PBXGroup;
			children = (
				DC1910B71B2457DB000B6D79 /* libbase_media.so */,
				DCD5BFD51B2002D100C33C86 /* src */,
				DCD5BFD41B2002D100C33C86 /* Products */,
			);
			sourceTree = "<group>";
		};
		DCD5BFD41B2002D100C33C86 /* Products */ = {
			isa = PBXGroup;
			children = (
				DCD5BFD31B2002D100C33C86 /* libcustom_media.so */,
			);
			name = Products;
			sourceTree = "<group>";
		};
		DCD5BFD51B2002D100C33C86 /* src */ = {
			isa = PBXGroup;
			children = (
				DC245B1A1B23D9CB0036513C /* custom_media.cpp */,
				DC245B1B1B23D9CB0036513C /* custom_media.h */,
				DC245B1F1B23D9CB0036513C /* icustom_media.h */,
			);
			name = src;
			path = CustomMedia;
			sourceTree = "<group>";
		};
/* End PBXGroup section */

/* Begin PBXHeadersBuildPhase section */
		DCD5BFD11B2002D100C33C86 /* Headers */ = {
			isa = PBXHeadersBuildPhase;
			buildActionMask = 2147483647;
			files = (
				DC245B271B23D9CB0036513C /* custom_media.h in Headers */,
				DC245B2B1B23D9CB0036513C /* icustom_media.h in Headers */,
			);
			runOnlyForDeploymentPostprocessing = 0;
		};
/* End PBXHeadersBuildPhase section */

/* Begin PBXNativeTarget section */
		DCD5BFD21B2002D100C33C86 /* custom_media */ = {
			isa = PBXNativeTarget;
			buildConfigurationList = DCD5BFDE1B2002D100C33C86 /* Build configuration list for PBXNativeTarget "custom_media" */;
			buildPhases = (
				DCD5BFCF1B2002D100C33C86 /* Sources */,
				DCD5BFD01B2002D100C33C86 /* Frameworks */,
				DCD5BFD11B2002D100C33C86 /* Headers */,
			);
			buildRules = (
			);
			dependencies = (
			);
			name = custom_media;
			productName = CustomMedia;
			productReference = DCD5BFD31B2002D100C33C86 /* libcustom_media.so */;
			productType = "com.apple.product-type.library.dynamic";
		};
/* End PBXNativeTarget section */

/* Begin PBXProject section */
		DCD5BFCB1B2002D100C33C86 /* Project object */ = {
			isa = PBXProject;
			attributes = {
				LastUpgradeCheck = 0630;
				ORGANIZATIONNAME = james.huang;
				TargetAttributes = {
					DCD5BFD21B2002D100C33C86 = {
						CreatedOnToolsVersion = 6.3.2;
					};
				};
			};
			buildConfigurationList = DCD5BFCE1B2002D100C33C86 /* Build configuration list for PBXProject "custom_media" */;
			compatibilityVersion = "Xcode 3.2";
			developmentRegion = English;
			hasScannedForEncodings = 0;
			knownRegions = (
				en,
			);
			mainGroup = DCD5BFCA1B2002D100C33C86;
			productRefGroup = DCD5BFD41B2002D100C33C86 /* Products */;
			projectDirPath = "";
			projectRoot = "";
			targets = (
				DCD5BFD21B2002D100C33C86 /* custom_media */,
			);
		};
/* End PBXProject section */

/* Begin PBXSourcesBuildPhase section */
		DCD5BFCF1B2002D100C33C86 /* Sources */ = {
			isa = PBXSourcesBuildPhase;
			buildActionMask = 2147483647;
			files = (
				DC245B261B23D9CB0036513C /* custom_media.cpp in Sources */,
			);
			runOnlyForDeploymentPostprocessing = 0;
		};
/* End PBXSourcesBuildPhase section */

/* Begin XCBuildConfiguration section */
		DCD5BFDC1B2002D100C33C86 /* Debug */ = {
			isa = XCBuildConfiguration;
			buildSettings = {
				ALWAYS_SEARCH_USER_PATHS = NO;
				CLANG_CXX_LANGUAGE_STANDARD = "gnu++98";
				CLANG_CXX_LIBRARY = "libstdc++";
				CLANG_ENABLE_MODULES = YES;
				CLANG_ENABLE_OBJC_ARC = YES;
				CLANG_WARN_BOOL_CONVERSION = YES;
				CLANG_WARN_CONSTANT_CONVERSION = YES;
				CLANG_WARN_DIRECT_OBJC_ISA_USAGE = YES_ERROR;
				CLANG_WARN_EMPTY_BODY = YES;
				CLANG_WARN_ENUM_CONVERSION = YES;
				CLANG_WARN_INT_CONVERSION = YES;
				CLANG_WARN_OBJC_ROOT_CLASS = YES_ERROR;
				CLANG_WARN_UNREACHABLE_CODE = YES;
				CLANG_WARN__DUPLICATE_METHOD_MATCH = YES;
				COPY_PHASE_STRIP = NO;
				DEBUG_INFORMATION_FORMAT = dwarf;
				ENABLE_STRICT_OBJC_MSGSEND = YES;
				EXECUTABLE_EXTENSION = so;
				GCC_C_LANGUAGE_STANDARD = gnu99;
				GCC_DYNAMIC_NO_PIC = NO;
				GCC_NO_COMMON_BLOCKS = YES;
				GCC_OPTIMIZATION_LEVEL = 0;
				GCC_PREPROCESSOR_DEFINITIONS = (
					LINUX64,
					OSX,
				);
				GCC_SYMBOLS_PRIVATE_EXTERN = NO;
				GCC_WARN_64_TO_32_BIT_CONVERSION = YES;
				GCC_WARN_ABOUT_RETURN_TYPE = YES_ERROR;
				GCC_WARN_UNDECLARED_SELECTOR = YES;
				GCC_WARN_UNINITIALIZED_AUTOS = YES_AGGRESSIVE;
				GCC_WARN_UNUSED_FUNCTION = YES;
				GCC_WARN_UNUSED_VARIABLE = YES;
				HEADER_SEARCH_PATHS = (
					"$(inherited)",
					/Applications/Xcode.app/Contents/Developer/Toolchains/XcodeDefault.xctoolchain/usr/include,
					../base_media,
				);
				LIBRARY_SEARCH_PATHS = "";
				MACOSX_DEPLOYMENT_TARGET = 10.10;
				MTL_ENABLE_DEBUG_INFO = YES;
				ONLY_ACTIVE_ARCH = YES;
				SDKROOT = macosx;
			};
			name = Debug;
		};
		DCD5BFDD1B2002D100C33C86 /* Release */ = {
			isa = XCBuildConfiguration;
			buildSettings = {
				ALWAYS_SEARCH_USER_PATHS = NO;
				CLANG_CXX_LANGUAGE_STANDARD = "gnu++98";
				CLANG_CXX_LIBRARY = "libstdc++";
				CLANG_ENABLE_MODULES = YES;
				CLANG_ENABLE_OBJC_ARC = YES;
				CLANG_WARN_BOOL_CONVERSION = YES;
				CLANG_WARN_CONSTANT_CONVERSION = YES;
				CLANG_WARN_DIRECT_OBJC_ISA_USAGE = YES_ERROR;
				CLANG_WARN_EMPTY_BODY = YES;
				CLANG_WARN_ENUM_CONVERSION = YES;
				CLANG_WARN_INT_CONVERSION = YES;
				CLANG_WARN_OBJC_ROOT_CLASS = YES_ERROR;
				CLANG_WARN_UNREACHABLE_CODE = YES;
				CLANG_WARN__DUPLICATE_METHOD_MATCH = YES;
				COPY_PHASE_STRIP = NO;
				DEBUG_INFORMATION_FORMAT = "dwarf-with-dsym";
				ENABLE_NS_ASSERTIONS = NO;
				ENABLE_STRICT_OBJC_MSGSEND = YES;
				EXECUTABLE_EXTENSION = so;
				GCC_C_LANGUAGE_STANDARD = gnu99;
				GCC_NO_COMMON_BLOCKS = YES;
				GCC_PREPROCESSOR_DEFINITIONS = (
					LINUX64,
					OSX,
				);
				GCC_WARN_64_TO_32_BIT_CONVERSION = YES;
				GCC_WARN_ABOUT_RETURN_TYPE = YES_ERROR;
				GCC_WARN_UNDECLARED_SELECTOR = YES;
				GCC_WARN_UNINITIALIZED_AUTOS = YES_AGGRESSIVE;
				GCC_WARN_UNUSED_FUNCTION = YES;
				GCC_WARN_UNUSED_VARIABLE = YES;
				HEADER_SEARCH_PATHS = (
					"$(inherited)",
					/Applications/Xcode.app/Contents/Developer/Toolchains/XcodeDefault.xctoolchain/usr/include,
					../base_media,
				);
				LIBRARY_SEARCH_PATHS = "";
				MACOSX_DEPLOYMENT_TARGET = 10.10;
				MTL_ENABLE_DEBUG_INFO = NO;
				SDKROOT = macosx;
			};
			name = Release;
		};
		DCD5BFDF1B2002D100C33C86 /* Debug */ = {
			isa = XCBuildConfiguration;
			buildSettings = {
				DYLIB_COMPATIBILITY_VERSION = 1;
				DYLIB_CURRENT_VERSION = 1;
				EXECUTABLE_PREFIX = lib;
				GCC_ENABLE_CPP_EXCEPTIONS = YES;
				GCC_ENABLE_CPP_RTTI = YES;
				GCC_SYMBOLS_PRIVATE_EXTERN = NO;
				LIBRARY_SEARCH_PATHS = (
					"$(inherited)",
					/Users/jameshuang/Dropbox/work/com_interface/DerivedData/Untitled/Build/Products/Debug,
				);
				PRODUCT_NAME = "$(TARGET_NAME)";
			};
			name = Debug;
		};
		DCD5BFE01B2002D100C33C86 /* Release */ = {
			isa = XCBuildConfiguration;
			buildSettings = {
				DYLIB_COMPATIBILITY_VERSION = 1;
				DYLIB_CURRENT_VERSION = 1;
				EXECUTABLE_PREFIX = lib;
				GCC_ENABLE_CPP_EXCEPTIONS = YES;
				GCC_ENABLE_CPP_RTTI = YES;
				GCC_SYMBOLS_PRIVATE_EXTERN = NO;
				LIBRARY_SEARCH_PATHS = (
					"$(inherited)",
					/Users/jameshuang/Dropbox/work/com_interface/DerivedData/Untitled/Build/Products/Debug,
				);
				PRODUCT_NAME = "$(TARGET_NAME)";
			};
			name = Release;
		};
/* End XCBuildConfiguration section */

/* Begin XCConfigurationList section */
		DCD5BFCE1B2002D100C33C86 /* Build configuration list for PBXProject "custom_media" */ = {
			isa = XCConfigurationList;
			buildConfigurations = (
				DCD5BFDC1B2002D100C33C86 /* Debug */,
				DCD5BFDD1B2002D100C33C86 /* Release */,
			);
			defaultConfigurationIsVisible = 0;
			defaultConfigurationName = Release;
		};
		DCD5BFDE1B2002D100C33C86 /* Build configuration list for PBXNativeTarget "custom_media" */ = {
			isa = XCConfigurationList;
			buildConfigurations = (
				DCD5BFDF1B2002D100C33C86 /* Debug */,
				DCD5BFE01B2002D100C33C86 /* Release */,
			);
			defaultConfigurationIsVisible = 0;
			defaultConfigurationName = Release;
		};
/* End XCConfigurationList section */
	};
	rootObject = DCD5BFCB1B2002D100C33C86 /* Project object */;
}
